
Microsoft Visual Studio Solution File, Format Version 12.00
# Visual Studio 15
VisualStudioVersion = 15.0.26403.7
MinimumVisualStudioVersion = 10.0.40219.1
Project("{FAE04EC0-301F-11D3-BF4B-00C04F79EFBC}") = "Lq.Service", "Lq.Service\Lq.Service.csproj", "{5DB8EACD-46B6-4778-8568-CAB5D88445DA}"
EndProject
Project("{FAE04EC0-301F-11D3-BF4B-00C04F79EFBC}") = "Lq.Data", "Lq.Data\Lq.Data.csproj", "{58D6EF76-CC1D-4D73-9145-595BD00CF1B0}"
EndProject
Project("{FAE04EC0-301F-11D3-BF4B-00C04F79EFBC}") = "Lq.Store", "Lq.Store\Lq.Store.csproj", "{325B6C0C-B1FD-4634-A315-F97F319480C7}"
EndProject
Project("{FAE04EC0-301F-11D3-BF4B-00C04F79EFBC}") = "Lq.Manager", "Lq.Manager\Lq.Manager.csproj", "{8A776A9D-A3AA-4376-996D-D3B7B6E3A365}"
EndProject
Project("{FAE04EC0-301F-11D3-BF4B-00C04F79EFBC}") = "Service.Infrastructure", "Service.Infrastructure\Service.Infrastructure.csproj", "{145464D0-380B-45B6-BACB-3629B2142D29}"
EndProject
Project("{FAE04EC0-301F-11D3-BF4B-00C04F79EFBC}") = "Service.Security", "Service.Security\Service.Security.csproj", "{DCA541CE-E752-49D8-B3E5-0E4580ADC1D5}"
EndProject
Global
	GlobalSection(SolutionConfigurationPlatforms) = preSolution
		Debug|Any CPU = Debug|Any CPU
		Release|Any CPU = Release|Any CPU
	EndGlobalSection
	GlobalSection(ProjectConfigurationPlatforms) = postSolution
		{5DB8EACD-46B6-4778-8568-CAB5D88445DA}.Debug|Any CPU.ActiveCfg = Debug|Any CPU
		{5DB8EACD-46B6-4778-8568-CAB5D88445DA}.Debug|Any CPU.Build.0 = Debug|Any CPU
		{5DB8EACD-46B6-4778-8568-CAB5D88445DA}.Release|Any CPU.ActiveCfg = Release|Any CPU
		{5DB8EACD-46B6-4778-8568-CAB5D88445DA}.Release|Any CPU.Build.0 = Release|Any CPU
		{58D6EF76-CC1D-4D73-9145-595BD00CF1B0}.Debug|Any CPU.ActiveCfg = Debug|Any CPU
		{58D6EF76-CC1D-4D73-9145-595BD00CF1B0}.Debug|Any CPU.Build.0 = Debug|Any CPU
		{58D6EF76-CC1D-4D73-9145-595BD00CF1B0}.Release|Any CPU.ActiveCfg = Release|Any CPU
		{58D6EF76-CC1D-4D73-9145-595BD00CF1B0}.Release|Any CPU.Build.0 = Release|Any CPU
		{325B6C0C-B1FD-4634-A315-F97F319480C7}.Debug|Any CPU.ActiveCfg = Debug|Any CPU
		{325B6C0C-B1FD-4634-A315-F97F319480C7}.Debug|Any CPU.Build.0 = Debug|Any CPU
		{325B6C0C-B1FD-4634-A315-F97F319480C7}.Release|Any CPU.ActiveCfg = Release|Any CPU
		{325B6C0C-B1FD-4634-A315-F97F319480C7}.Release|Any CPU.Build.0 = Release|Any CPU
		{8A776A9D-A3AA-4376-996D-D3B7B6E3A365}.Debug|Any CPU.ActiveCfg = Debug|Any CPU
		{8A776A9D-A3AA-4376-996D-D3B7B6E3A365}.Debug|Any CPU.Build.0 = Debug|Any CPU
		{8A776A9D-A3AA-4376-996D-D3B7B6E3A365}.Release|Any CPU.ActiveCfg = Release|Any CPU
		{8A776A9D-A3AA-4376-996D-D3B7B6E3A365}.Release|Any CPU.Build.0 = Release|Any CPU
		{145464D0-380B-45B6-BACB-3629B2142D29}.Debug|Any CPU.ActiveCfg = Debug|Any CPU
		{145464D0-380B-45B6-BACB-3629B2142D29}.Debug|Any CPU.Build.0 = Debug|Any CPU
		{145464D0-380B-45B6-BACB-3629B2142D29}.Release|Any CPU.ActiveCfg = Release|Any CPU
		{145464D0-380B-45B6-BACB-3629B2142D29}.Release|Any CPU.Build.0 = Release|Any CPU
		{DCA541CE-E752-49D8-B3E5-0E4580ADC1D5}.Debug|Any CPU.ActiveCfg = Debug|Any CPU
		{DCA541CE-E752-49D8-B3E5-0E4580ADC1D5}.Debug|Any CPU.Build.0 = Debug|Any CPU
		{DCA541CE-E752-49D8-B3E5-0E4580ADC1D5}.Release|Any CPU.ActiveCfg = Release|Any CPU
		{DCA541CE-E752-49D8-B3E5-0E4580ADC1D5}.Release|Any CPU.Build.0 = Release|Any CPU
	EndGlobalSection
	GlobalSection(SolutionProperties) = preSolution
		HideSolutionNode = FALSE
	EndGlobalSection
EndGlobal
